
Microsoft Visual Studio Solution File, Format Version 12.00
#
Project("{2150E333-8FDC-42A3-9474-1A3956D46DE8}") = "src", "src", "{65D79425-25EC-4565-9049-773B2B0B36D7}"
EndProject
Project("{2150E333-8FDC-42A3-9474-1A3956D46DE8}") = "aws", "aws", "{9020F14E-9F61-4158-A97A-2FEAA80CF931}"
EndProject
Project("{2150E333-8FDC-42A3-9474-1A3956D46DE8}") = "dotnet", "dotnet", "{839B9D98-C628-4A3F-A98E-64B41D9FB181}"
EndProject
Project("{FAE04EC0-301F-11D3-BF4B-00C04F79EFBC}") = "SimpleDynamoDbQuery", "src\aws\SimpleDynamoDbQuery\SimpleDynamoDbQuery.csproj", "{A2D8A0D3-CACC-4E31-9171-6D1E804F7DA3}"
EndProject
Project("{2150E333-8FDC-42A3-9474-1A3956D46DE8}") = "disasters", "disasters", "{1F8E48C4-DDA2-4404-8B83-3536D0DF8A69}"
EndProject
Project("{FAE04EC0-301F-11D3-BF4B-00C04F79EFBC}") = "Disasters.Api", "src\disasters\Disasters.Api\Disasters.Api.csproj", "{4D2CAD7D-B1FA-4D34-8EFD-80F0E28D77B4}"
EndProject
Project("{2150E333-8FDC-42A3-9474-1A3956D46DE8}") = "shared", "shared", "{D280125F-51D8-483D-A8A8-083B98759852}"
EndProject
Project("{FAE04EC0-301F-11D3-BF4B-00C04F79EFBC}") = "Equals", "src\dotnet\Equals\Equals.csproj", "{75402CC1-5C87-49A7-9E55-E71909415972}"
EndProject
Project("{FAE04EC0-301F-11D3-BF4B-00C04F79EFBC}") = "Operators", "src\dotnet\Operators\Operators.csproj", "{7B433BBC-678F-4B18-B8EA-28EE99F6152D}"
EndProject
Project("{FAE04EC0-301F-11D3-BF4B-00C04F79EFBC}") = "Tuples", "src\dotnet\Tuples\Tuples.csproj", "{B2B37C38-01C5-4624-96F3-342DCD4D03F5}"
EndProject
Project("{FAE04EC0-301F-11D3-BF4B-00C04F79EFBC}") = "Diagnostics", "src\dotnet\Diagnostics\Diagnostics.csproj", "{DFDAFBA2-5CA8-44C1-884F-55FFD0A95F49}"
EndProject
Project("{FAE04EC0-301F-11D3-BF4B-00C04F79EFBC}") = "Disasters.GraphQL", "src\disasters\Disasters.GraphQL\Disasters.GraphQL.csproj", "{24FE0090-126F-464F-B765-C62C9932801F}"
EndProject
Project("{FAE04EC0-301F-11D3-BF4B-00C04F79EFBC}") = "Collections", "src\dotnet\Collections\Collections.csproj", "{1AD4E55A-1B9E-436D-B6B8-AB88E49B62D8}"
EndProject
Project("{FAE04EC0-301F-11D3-BF4B-00C04F79EFBC}") = "Disasters.IntegrationTests", "test\disasters\Disasters.IntegrationTests\Disasters.IntegrationTests.csproj", "{60002E21-A57D-4F83-82FD-6349452E8853}"
EndProject
Project("{FAE04EC0-301F-11D3-BF4B-00C04F79EFBC}") = "SimpleDocumentDbQuery", "src\aws\SimpleDocumentDbQuery\SimpleDocumentDbQuery.csproj", "{358973B5-A61A-44E9-A6B9-DDAFB24F48C4}"
EndProject
Project("{FAE04EC0-301F-11D3-BF4B-00C04F79EFBC}") = "Disasters.Lambda", "src\disasters\Disasters.Lambda\Disasters.Lambda.csproj", "{77F1626C-1488-4FCF-8A9F-C3F9C5A82492}"
EndProject
Project("{FAE04EC0-301F-11D3-BF4B-00C04F79EFBC}") = "Disasters.AppHost", "src\disasters\Disasters.AppHost\Disasters.AppHost.csproj", "{3508D9F8-FA9C-4806-BD23-64FB972E5CBD}"
EndProject
Project("{FAE04EC0-301F-11D3-BF4B-00C04F79EFBC}") = "Disasters.ServiceDefaults", "src\disasters\Disasters.ServiceDefaults\Disasters.ServiceDefaults.csproj", "{7CECCA20-0C77-4ECF-A713-CC29EC3C1F05}"
EndProject
Project("{2150E333-8FDC-42A3-9474-1A3956D46DE8}") = "Tests", "Tests", "{84795246-8C7F-4A45-AF5E-1DF93805405C}"
EndProject
Project("{FAE04EC0-301F-11D3-BF4B-00C04F79EFBC}") = "Disasters.gRPC", "src\disasters\Disasters.gRPC\Disasters.gRPC.csproj", "{AF3B8ABD-3011-4DF8-AA11-37AAB3093186}"
EndProject
Project("{2150E333-8FDC-42A3-9474-1A3956D46DE8}") = "csharp-grpc-course", "csharp-grpc-course", "{DD5BFC99-FE1E-4916-A4D7-4E93328A1783}"
	ProjectSection(SolutionItems) = preProject
		src\csharp-grpc-course\Calculator.proto = src\csharp-grpc-course\Calculator.proto
		src\csharp-grpc-course\compose.yml = src\csharp-grpc-course\compose.yml
	EndProjectSection
EndProject
Project("{FAE04EC0-301F-11D3-BF4B-00C04F79EFBC}") = "GrpcConsoleClient", "src\csharp-grpc-course\GrpcConsoleClient\GrpcConsoleClient.csproj", "{B78815EB-7C4E-4BF3-B88C-377D34778F99}"
EndProject
Project("{FAE04EC0-301F-11D3-BF4B-00C04F79EFBC}") = "GrpcServer", "src\csharp-grpc-course\GrpcServer\GrpcServer.csproj", "{70F1BD0F-EC49-4BA7-93E5-4068E45ECC63}"
EndProject
Project("{FAE04EC0-301F-11D3-BF4B-00C04F79EFBC}") = "BlogServer", "src\csharp-grpc-course\BlogServer\BlogServer.csproj", "{91947E57-86A6-485A-9E9C-34AAB2D4B7E0}"
EndProject
Project("{FAE04EC0-301F-11D3-BF4B-00C04F79EFBC}") = "BlogClient", "src\csharp-grpc-course\BlogClient\BlogClient.csproj", "{C3705AD0-0496-4996-A052-3DB17D71A86B}"
EndProject
Project("{2150E333-8FDC-42A3-9474-1A3956D46DE8}") = "FileSender", "FileSender", "{18DE4C83-1EBE-4C97-8491-842996AFA7A4}"
EndProject
Project("{FAE04EC0-301F-11D3-BF4B-00C04F79EFBC}") = "FileServer", "src\FileSender\FileServer\FileServer.csproj", "{5EE59B96-B860-4931-9E36-3F2136E499D6}"
EndProject
Project("{FAE04EC0-301F-11D3-BF4B-00C04F79EFBC}") = "FileGetter", "src\FileSender\FileGetter\FileGetter.csproj", "{872B1307-A118-401E-8F88-E13197C52A8A}"
EndProject
Project("{2150E333-8FDC-42A3-9474-1A3956D46DE8}") = "orleans", "orleans", "{0B0777D4-10F9-4E68-BD18-83ED49E37102}"
EndProject
Project("{FAE04EC0-301F-11D3-BF4B-00C04F79EFBC}") = "Orleans.Silo", "src\orleans\Orleans.Silo\Orleans.Silo.csproj", "{7424A42B-28C6-4875-9F4B-A53313054DCB}"
EndProject
Project("{FAE04EC0-301F-11D3-BF4B-00C04F79EFBC}") = "Orleans.RestClient", "src\orleans\Orleans.RestClient\Orleans.RestClient.csproj", "{DDD6DFE5-EBDD-47B6-A12C-EABF6F6348EA}"
EndProject
Project("{FAE04EC0-301F-11D3-BF4B-00C04F79EFBC}") = "Orleans.ConsoleConsumer", "src\orleans\Orleans.ConsoleConsumer\Orleans.ConsoleConsumer.csproj", "{E3171ADD-2BD6-4E4A-AFFF-1795342B64C8}"
EndProject
Project("{FAE04EC0-301F-11D3-BF4B-00C04F79EFBC}") = "OrleansBlazor", "src\orleans\OrleansBlazor\OrleansBlazor\OrleansBlazor.csproj", "{A9CF5FAE-D4B6-4021-93AE-061D4670FC0A}"
EndProject
Project("{FAE04EC0-301F-11D3-BF4B-00C04F79EFBC}") = "OrleansBlazor.Client", "src\orleans\OrleansBlazor\OrleansBlazor.Client\OrleansBlazor.Client.csproj", "{897452AA-5B4B-48F2-8C8E-314FA3F605E4}"
EndProject
Project("{2150E333-8FDC-42A3-9474-1A3956D46DE8}") = "Test", "Test", "{B38828F1-CF70-4A11-B626-1B4F37A88F05}"
EndProject
Project("{FAE04EC0-301F-11D3-BF4B-00C04F79EFBC}") = "Orleans.Silo.Test", "src\orleans\test\Orleans.Silo.Test\Orleans.Silo.Test.csproj", "{0EE3303B-E18A-45B2-B7CE-4B968AB1F063}"
EndProject
Global
	GlobalSection(SolutionConfigurationPlatforms) = preSolution
		Debug|Any CPU = Debug|Any CPU
		Release|Any CPU = Release|Any CPU
	EndGlobalSection
	GlobalSection(ProjectConfigurationPlatforms) = postSolution
		{A2D8A0D3-CACC-4E31-9171-6D1E804F7DA3}.Debug|Any CPU.ActiveCfg = Debug|Any CPU
		{A2D8A0D3-CACC-4E31-9171-6D1E804F7DA3}.Debug|Any CPU.Build.0 = Debug|Any CPU
		{A2D8A0D3-CACC-4E31-9171-6D1E804F7DA3}.Release|Any CPU.ActiveCfg = Release|Any CPU
		{A2D8A0D3-CACC-4E31-9171-6D1E804F7DA3}.Release|Any CPU.Build.0 = Release|Any CPU
		{4D2CAD7D-B1FA-4D34-8EFD-80F0E28D77B4}.Debug|Any CPU.ActiveCfg = Debug|Any CPU
		{4D2CAD7D-B1FA-4D34-8EFD-80F0E28D77B4}.Debug|Any CPU.Build.0 = Debug|Any CPU
		{4D2CAD7D-B1FA-4D34-8EFD-80F0E28D77B4}.Release|Any CPU.ActiveCfg = Release|Any CPU
		{4D2CAD7D-B1FA-4D34-8EFD-80F0E28D77B4}.Release|Any CPU.Build.0 = Release|Any CPU
		{75402CC1-5C87-49A7-9E55-E71909415972}.Debug|Any CPU.ActiveCfg = Debug|Any CPU
		{75402CC1-5C87-49A7-9E55-E71909415972}.Debug|Any CPU.Build.0 = Debug|Any CPU
		{75402CC1-5C87-49A7-9E55-E71909415972}.Release|Any CPU.ActiveCfg = Release|Any CPU
		{75402CC1-5C87-49A7-9E55-E71909415972}.Release|Any CPU.Build.0 = Release|Any CPU
		{7B433BBC-678F-4B18-B8EA-28EE99F6152D}.Debug|Any CPU.ActiveCfg = Debug|Any CPU
		{7B433BBC-678F-4B18-B8EA-28EE99F6152D}.Debug|Any CPU.Build.0 = Debug|Any CPU
		{7B433BBC-678F-4B18-B8EA-28EE99F6152D}.Release|Any CPU.ActiveCfg = Release|Any CPU
		{7B433BBC-678F-4B18-B8EA-28EE99F6152D}.Release|Any CPU.Build.0 = Release|Any CPU
		{B2B37C38-01C5-4624-96F3-342DCD4D03F5}.Debug|Any CPU.ActiveCfg = Debug|Any CPU
		{B2B37C38-01C5-4624-96F3-342DCD4D03F5}.Debug|Any CPU.Build.0 = Debug|Any CPU
		{B2B37C38-01C5-4624-96F3-342DCD4D03F5}.Release|Any CPU.ActiveCfg = Release|Any CPU
		{B2B37C38-01C5-4624-96F3-342DCD4D03F5}.Release|Any CPU.Build.0 = Release|Any CPU
		{DFDAFBA2-5CA8-44C1-884F-55FFD0A95F49}.Debug|Any CPU.ActiveCfg = Debug|Any CPU
		{DFDAFBA2-5CA8-44C1-884F-55FFD0A95F49}.Debug|Any CPU.Build.0 = Debug|Any CPU
		{DFDAFBA2-5CA8-44C1-884F-55FFD0A95F49}.Release|Any CPU.ActiveCfg = Release|Any CPU
		{DFDAFBA2-5CA8-44C1-884F-55FFD0A95F49}.Release|Any CPU.Build.0 = Release|Any CPU
		{24FE0090-126F-464F-B765-C62C9932801F}.Debug|Any CPU.ActiveCfg = Debug|Any CPU
		{24FE0090-126F-464F-B765-C62C9932801F}.Debug|Any CPU.Build.0 = Debug|Any CPU
		{24FE0090-126F-464F-B765-C62C9932801F}.Release|Any CPU.ActiveCfg = Release|Any CPU
		{24FE0090-126F-464F-B765-C62C9932801F}.Release|Any CPU.Build.0 = Release|Any CPU
		{1AD4E55A-1B9E-436D-B6B8-AB88E49B62D8}.Debug|Any CPU.ActiveCfg = Debug|Any CPU
		{1AD4E55A-1B9E-436D-B6B8-AB88E49B62D8}.Debug|Any CPU.Build.0 = Debug|Any CPU
		{1AD4E55A-1B9E-436D-B6B8-AB88E49B62D8}.Release|Any CPU.ActiveCfg = Release|Any CPU
		{1AD4E55A-1B9E-436D-B6B8-AB88E49B62D8}.Release|Any CPU.Build.0 = Release|Any CPU
		{60002E21-A57D-4F83-82FD-6349452E8853}.Debug|Any CPU.ActiveCfg = Debug|Any CPU
		{60002E21-A57D-4F83-82FD-6349452E8853}.Debug|Any CPU.Build.0 = Debug|Any CPU
		{60002E21-A57D-4F83-82FD-6349452E8853}.Release|Any CPU.ActiveCfg = Release|Any CPU
		{60002E21-A57D-4F83-82FD-6349452E8853}.Release|Any CPU.Build.0 = Release|Any CPU
		{358973B5-A61A-44E9-A6B9-DDAFB24F48C4}.Debug|Any CPU.ActiveCfg = Debug|Any CPU
		{358973B5-A61A-44E9-A6B9-DDAFB24F48C4}.Debug|Any CPU.Build.0 = Debug|Any CPU
		{358973B5-A61A-44E9-A6B9-DDAFB24F48C4}.Release|Any CPU.ActiveCfg = Release|Any CPU
		{358973B5-A61A-44E9-A6B9-DDAFB24F48C4}.Release|Any CPU.Build.0 = Release|Any CPU
		{77F1626C-1488-4FCF-8A9F-C3F9C5A82492}.Debug|Any CPU.ActiveCfg = Debug|Any CPU
		{77F1626C-1488-4FCF-8A9F-C3F9C5A82492}.Debug|Any CPU.Build.0 = Debug|Any CPU
		{77F1626C-1488-4FCF-8A9F-C3F9C5A82492}.Release|Any CPU.ActiveCfg = Release|Any CPU
		{77F1626C-1488-4FCF-8A9F-C3F9C5A82492}.Release|Any CPU.Build.0 = Release|Any CPU
		{3508D9F8-FA9C-4806-BD23-64FB972E5CBD}.Debug|Any CPU.ActiveCfg = Debug|Any CPU
		{3508D9F8-FA9C-4806-BD23-64FB972E5CBD}.Debug|Any CPU.Build.0 = Debug|Any CPU
		{3508D9F8-FA9C-4806-BD23-64FB972E5CBD}.Release|Any CPU.ActiveCfg = Release|Any CPU
		{3508D9F8-FA9C-4806-BD23-64FB972E5CBD}.Release|Any CPU.Build.0 = Release|Any CPU
		{7CECCA20-0C77-4ECF-A713-CC29EC3C1F05}.Debug|Any CPU.ActiveCfg = Debug|Any CPU
		{7CECCA20-0C77-4ECF-A713-CC29EC3C1F05}.Debug|Any CPU.Build.0 = Debug|Any CPU
		{7CECCA20-0C77-4ECF-A713-CC29EC3C1F05}.Release|Any CPU.ActiveCfg = Release|Any CPU
		{7CECCA20-0C77-4ECF-A713-CC29EC3C1F05}.Release|Any CPU.Build.0 = Release|Any CPU
		{AF3B8ABD-3011-4DF8-AA11-37AAB3093186}.Debug|Any CPU.ActiveCfg = Debug|Any CPU
		{AF3B8ABD-3011-4DF8-AA11-37AAB3093186}.Debug|Any CPU.Build.0 = Debug|Any CPU
		{AF3B8ABD-3011-4DF8-AA11-37AAB3093186}.Release|Any CPU.ActiveCfg = Release|Any CPU
		{AF3B8ABD-3011-4DF8-AA11-37AAB3093186}.Release|Any CPU.Build.0 = Release|Any CPU
		{B78815EB-7C4E-4BF3-B88C-377D34778F99}.Debug|Any CPU.ActiveCfg = Debug|Any CPU
		{B78815EB-7C4E-4BF3-B88C-377D34778F99}.Debug|Any CPU.Build.0 = Debug|Any CPU
		{B78815EB-7C4E-4BF3-B88C-377D34778F99}.Release|Any CPU.ActiveCfg = Release|Any CPU
		{B78815EB-7C4E-4BF3-B88C-377D34778F99}.Release|Any CPU.Build.0 = Release|Any CPU
		{70F1BD0F-EC49-4BA7-93E5-4068E45ECC63}.Debug|Any CPU.ActiveCfg = Debug|Any CPU
		{70F1BD0F-EC49-4BA7-93E5-4068E45ECC63}.Debug|Any CPU.Build.0 = Debug|Any CPU
		{70F1BD0F-EC49-4BA7-93E5-4068E45ECC63}.Release|Any CPU.ActiveCfg = Release|Any CPU
		{70F1BD0F-EC49-4BA7-93E5-4068E45ECC63}.Release|Any CPU.Build.0 = Release|Any CPU
		{91947E57-86A6-485A-9E9C-34AAB2D4B7E0}.Debug|Any CPU.ActiveCfg = Debug|Any CPU
		{91947E57-86A6-485A-9E9C-34AAB2D4B7E0}.Debug|Any CPU.Build.0 = Debug|Any CPU
		{91947E57-86A6-485A-9E9C-34AAB2D4B7E0}.Release|Any CPU.ActiveCfg = Release|Any CPU
		{91947E57-86A6-485A-9E9C-34AAB2D4B7E0}.Release|Any CPU.Build.0 = Release|Any CPU
		{C3705AD0-0496-4996-A052-3DB17D71A86B}.Debug|Any CPU.ActiveCfg = Debug|Any CPU
		{C3705AD0-0496-4996-A052-3DB17D71A86B}.Debug|Any CPU.Build.0 = Debug|Any CPU
		{C3705AD0-0496-4996-A052-3DB17D71A86B}.Release|Any CPU.ActiveCfg = Release|Any CPU
		{C3705AD0-0496-4996-A052-3DB17D71A86B}.Release|Any CPU.Build.0 = Release|Any CPU
		{5EE59B96-B860-4931-9E36-3F2136E499D6}.Debug|Any CPU.ActiveCfg = Debug|Any CPU
		{5EE59B96-B860-4931-9E36-3F2136E499D6}.Debug|Any CPU.Build.0 = Debug|Any CPU
		{5EE59B96-B860-4931-9E36-3F2136E499D6}.Release|Any CPU.ActiveCfg = Release|Any CPU
		{5EE59B96-B860-4931-9E36-3F2136E499D6}.Release|Any CPU.Build.0 = Release|Any CPU
		{872B1307-A118-401E-8F88-E13197C52A8A}.Debug|Any CPU.ActiveCfg = Debug|Any CPU
		{872B1307-A118-401E-8F88-E13197C52A8A}.Debug|Any CPU.Build.0 = Debug|Any CPU
		{872B1307-A118-401E-8F88-E13197C52A8A}.Release|Any CPU.ActiveCfg = Release|Any CPU
		{872B1307-A118-401E-8F88-E13197C52A8A}.Release|Any CPU.Build.0 = Release|Any CPU
		{7424A42B-28C6-4875-9F4B-A53313054DCB}.Debug|Any CPU.ActiveCfg = Debug|Any CPU
		{7424A42B-28C6-4875-9F4B-A53313054DCB}.Debug|Any CPU.Build.0 = Debug|Any CPU
		{7424A42B-28C6-4875-9F4B-A53313054DCB}.Release|Any CPU.ActiveCfg = Release|Any CPU
		{7424A42B-28C6-4875-9F4B-A53313054DCB}.Release|Any CPU.Build.0 = Release|Any CPU
		{DDD6DFE5-EBDD-47B6-A12C-EABF6F6348EA}.Debug|Any CPU.ActiveCfg = Debug|Any CPU
		{DDD6DFE5-EBDD-47B6-A12C-EABF6F6348EA}.Debug|Any CPU.Build.0 = Debug|Any CPU
		{DDD6DFE5-EBDD-47B6-A12C-EABF6F6348EA}.Release|Any CPU.ActiveCfg = Release|Any CPU
		{DDD6DFE5-EBDD-47B6-A12C-EABF6F6348EA}.Release|Any CPU.Build.0 = Release|Any CPU
		{E3171ADD-2BD6-4E4A-AFFF-1795342B64C8}.Debug|Any CPU.ActiveCfg = Debug|Any CPU
		{E3171ADD-2BD6-4E4A-AFFF-1795342B64C8}.Debug|Any CPU.Build.0 = Debug|Any CPU
		{E3171ADD-2BD6-4E4A-AFFF-1795342B64C8}.Release|Any CPU.ActiveCfg = Release|Any CPU
		{E3171ADD-2BD6-4E4A-AFFF-1795342B64C8}.Release|Any CPU.Build.0 = Release|Any CPU
		{A9CF5FAE-D4B6-4021-93AE-061D4670FC0A}.Debug|Any CPU.ActiveCfg = Debug|Any CPU
		{A9CF5FAE-D4B6-4021-93AE-061D4670FC0A}.Debug|Any CPU.Build.0 = Debug|Any CPU
		{A9CF5FAE-D4B6-4021-93AE-061D4670FC0A}.Release|Any CPU.ActiveCfg = Release|Any CPU
		{A9CF5FAE-D4B6-4021-93AE-061D4670FC0A}.Release|Any CPU.Build.0 = Release|Any CPU
		{897452AA-5B4B-48F2-8C8E-314FA3F605E4}.Debug|Any CPU.ActiveCfg = Debug|Any CPU
		{897452AA-5B4B-48F2-8C8E-314FA3F605E4}.Debug|Any CPU.Build.0 = Debug|Any CPU
		{897452AA-5B4B-48F2-8C8E-314FA3F605E4}.Release|Any CPU.ActiveCfg = Release|Any CPU
		{897452AA-5B4B-48F2-8C8E-314FA3F605E4}.Release|Any CPU.Build.0 = Release|Any CPU
		{0EE3303B-E18A-45B2-B7CE-4B968AB1F063}.Debug|Any CPU.ActiveCfg = Debug|Any CPU
		{0EE3303B-E18A-45B2-B7CE-4B968AB1F063}.Debug|Any CPU.Build.0 = Debug|Any CPU
		{0EE3303B-E18A-45B2-B7CE-4B968AB1F063}.Release|Any CPU.ActiveCfg = Release|Any CPU
		{0EE3303B-E18A-45B2-B7CE-4B968AB1F063}.Release|Any CPU.Build.0 = Release|Any CPU
	EndGlobalSection
	GlobalSection(NestedProjects) = preSolution
		{9020F14E-9F61-4158-A97A-2FEAA80CF931} = {65D79425-25EC-4565-9049-773B2B0B36D7}
		{839B9D98-C628-4A3F-A98E-64B41D9FB181} = {65D79425-25EC-4565-9049-773B2B0B36D7}
		{A2D8A0D3-CACC-4E31-9171-6D1E804F7DA3} = {9020F14E-9F61-4158-A97A-2FEAA80CF931}
		{1F8E48C4-DDA2-4404-8B83-3536D0DF8A69} = {65D79425-25EC-4565-9049-773B2B0B36D7}
		{4D2CAD7D-B1FA-4D34-8EFD-80F0E28D77B4} = {1F8E48C4-DDA2-4404-8B83-3536D0DF8A69}
		{75402CC1-5C87-49A7-9E55-E71909415972} = {839B9D98-C628-4A3F-A98E-64B41D9FB181}
		{7B433BBC-678F-4B18-B8EA-28EE99F6152D} = {839B9D98-C628-4A3F-A98E-64B41D9FB181}
		{B2B37C38-01C5-4624-96F3-342DCD4D03F5} = {839B9D98-C628-4A3F-A98E-64B41D9FB181}
		{DFDAFBA2-5CA8-44C1-884F-55FFD0A95F49} = {839B9D98-C628-4A3F-A98E-64B41D9FB181}
		{24FE0090-126F-464F-B765-C62C9932801F} = {1F8E48C4-DDA2-4404-8B83-3536D0DF8A69}
		{1AD4E55A-1B9E-436D-B6B8-AB88E49B62D8} = {839B9D98-C628-4A3F-A98E-64B41D9FB181}
		{358973B5-A61A-44E9-A6B9-DDAFB24F48C4} = {9020F14E-9F61-4158-A97A-2FEAA80CF931}
		{77F1626C-1488-4FCF-8A9F-C3F9C5A82492} = {1F8E48C4-DDA2-4404-8B83-3536D0DF8A69}
		{3508D9F8-FA9C-4806-BD23-64FB972E5CBD} = {1F8E48C4-DDA2-4404-8B83-3536D0DF8A69}
		{7CECCA20-0C77-4ECF-A713-CC29EC3C1F05} = {1F8E48C4-DDA2-4404-8B83-3536D0DF8A69}
		{84795246-8C7F-4A45-AF5E-1DF93805405C} = {1F8E48C4-DDA2-4404-8B83-3536D0DF8A69}
		{60002E21-A57D-4F83-82FD-6349452E8853} = {84795246-8C7F-4A45-AF5E-1DF93805405C}
		{AF3B8ABD-3011-4DF8-AA11-37AAB3093186} = {1F8E48C4-DDA2-4404-8B83-3536D0DF8A69}
		{DD5BFC99-FE1E-4916-A4D7-4E93328A1783} = {65D79425-25EC-4565-9049-773B2B0B36D7}
		{B78815EB-7C4E-4BF3-B88C-377D34778F99} = {DD5BFC99-FE1E-4916-A4D7-4E93328A1783}
		{70F1BD0F-EC49-4BA7-93E5-4068E45ECC63} = {DD5BFC99-FE1E-4916-A4D7-4E93328A1783}
		{91947E57-86A6-485A-9E9C-34AAB2D4B7E0} = {DD5BFC99-FE1E-4916-A4D7-4E93328A1783}
		{C3705AD0-0496-4996-A052-3DB17D71A86B} = {DD5BFC99-FE1E-4916-A4D7-4E93328A1783}
		{18DE4C83-1EBE-4C97-8491-842996AFA7A4} = {65D79425-25EC-4565-9049-773B2B0B36D7}
		{5EE59B96-B860-4931-9E36-3F2136E499D6} = {18DE4C83-1EBE-4C97-8491-842996AFA7A4}
		{872B1307-A118-401E-8F88-E13197C52A8A} = {18DE4C83-1EBE-4C97-8491-842996AFA7A4}
		{0B0777D4-10F9-4E68-BD18-83ED49E37102} = {65D79425-25EC-4565-9049-773B2B0B36D7}
		{7424A42B-28C6-4875-9F4B-A53313054DCB} = {0B0777D4-10F9-4E68-BD18-83ED49E37102}
		{DDD6DFE5-EBDD-47B6-A12C-EABF6F6348EA} = {0B0777D4-10F9-4E68-BD18-83ED49E37102}
		{E3171ADD-2BD6-4E4A-AFFF-1795342B64C8} = {0B0777D4-10F9-4E68-BD18-83ED49E37102}
		{A9CF5FAE-D4B6-4021-93AE-061D4670FC0A} = {0B0777D4-10F9-4E68-BD18-83ED49E37102}
		{897452AA-5B4B-48F2-8C8E-314FA3F605E4} = {0B0777D4-10F9-4E68-BD18-83ED49E37102}
		{B38828F1-CF70-4A11-B626-1B4F37A88F05} = {0B0777D4-10F9-4E68-BD18-83ED49E37102}
		{0EE3303B-E18A-45B2-B7CE-4B968AB1F063} = {B38828F1-CF70-4A11-B626-1B4F37A88F05}
	EndGlobalSection
EndGlobal
