
Microsoft Visual Studio Solution File, Format Version 12.00
Project("{2150E333-8FDC-42A3-9474-1A3956D46DE8}") = "src", "src", "{65D79425-25EC-4565-9049-773B2B0B36D7}"
EndProject
Project("{2150E333-8FDC-42A3-9474-1A3956D46DE8}") = "test", "test", "{60A28D13-1AEB-4752-908A-D38A35D89A89}"
EndProject
Project("{FAE04EC0-301F-11D3-BF4B-00C04F79EFBC}") = "Playgound.Web.Threadpool.SimpleExhaustion.Test", "test\Playgound.Web.Threadpool.SimpleExhaustion.Test\Playgound.Web.Threadpool.SimpleExhaustion.Test.csproj", "{19E5EEB0-E054-4593-B3ED-D1B04277C6A7}"
EndProject
Project("{2150E333-8FDC-42A3-9474-1A3956D46DE8}") = "aws", "aws", "{9020F14E-9F61-4158-A97A-2FEAA80CF931}"
EndProject
Project("{2150E333-8FDC-42A3-9474-1A3956D46DE8}") = "dotnet", "dotnet", "{839B9D98-C628-4A3F-A98E-64B41D9FB181}"
EndProject
Project("{FAE04EC0-301F-11D3-BF4B-00C04F79EFBC}") = "Equals", "src\dotnet\Equals\Equals.csproj", "{B4215D65-5CED-4842-A098-F67953B6F4BB}"
EndProject
Project("{FAE04EC0-301F-11D3-BF4B-00C04F79EFBC}") = "AWS.CloudWatch", "src\aws\AWS.CloudWatch\AWS.CloudWatch.csproj", "{28E6169B-41E9-4815-B090-B6C7C748F734}"
EndProject
Project("{FAE04EC0-301F-11D3-BF4B-00C04F79EFBC}") = "SystemTextJsonSerialization", "src\dotnet\SystemTextJsonSerialization\SystemTextJsonSerialization.csproj", "{8B3D67DC-C503-49FB-8178-CC5495E700C0}"
EndProject
Project("{FAE04EC0-301F-11D3-BF4B-00C04F79EFBC}") = "SimpleDynamoDbQuery", "src\aws\SimpleDynamoDbQuery\SimpleDynamoDbQuery.csproj", "{A2D8A0D3-CACC-4E31-9171-6D1E804F7DA3}"
EndProject
Project("{2150E333-8FDC-42A3-9474-1A3956D46DE8}") = "aspnet", "aspnet", "{7D6340EE-4490-4CE7-A5D4-B7B83893A933}"
EndProject
Project("{FAE04EC0-301F-11D3-BF4B-00C04F79EFBC}") = "Playground.Web.Threadpool.SimpleExhaustion", "src\aspnet\Playground.Web.Threadpool.SimpleExhaustion\Playground.Web.Threadpool.SimpleExhaustion.csproj", "{6C9D81A4-E798-46D6-9D99-BCE71F8D3FD9}"
EndProject
Project("{FAE04EC0-301F-11D3-BF4B-00C04F79EFBC}") = "Playgound.SimpleAsyncAwait", "src\dotnet\Playground.SimpleAsyncAwait\Playgound.SimpleAsyncAwait.csproj", "{3C12B724-E4F1-41A9-B4F9-23A54AEF05CA}"
EndProject
Project("{FAE04EC0-301F-11D3-BF4B-00C04F79EFBC}") = "TraceActivity", "src\dotnet\TraceActivity\TraceActivity.csproj", "{A3AB49C9-740A-4F4F-A693-A36ECE642F6E}"
EndProject
Project("{FAE04EC0-301F-11D3-BF4B-00C04F79EFBC}") = "ServicePointManager", "src\dotnet\ServicePointManager\ServicePointManager.csproj", "{C1E71765-7A8A-4C86-BE6E-583A9E51371A}"
EndProject
Project("{FAE04EC0-301F-11D3-BF4B-00C04F79EFBC}") = "TryCatch", "src\dotnet\TryCatch\TryCatch.csproj", "{CBB273CD-4E3F-43A0-9C2D-FA79AAB480E3}"
EndProject
Project("{FAE04EC0-301F-11D3-BF4B-00C04F79EFBC}") = "Playground.Web.HotChocolate", "src\aspnet\Playground.Web.HotChocolate\Playground.Web.HotChocolate.csproj", "{AD6A5E1E-ACB8-4B20-ADB4-FB04844FFDA5}"
EndProject
Global
	GlobalSection(SolutionConfigurationPlatforms) = preSolution
		Debug|Any CPU = Debug|Any CPU
		Release|Any CPU = Release|Any CPU
	EndGlobalSection
	GlobalSection(ProjectConfigurationPlatforms) = postSolution
		{19E5EEB0-E054-4593-B3ED-D1B04277C6A7}.Debug|Any CPU.ActiveCfg = Debug|Any CPU
		{19E5EEB0-E054-4593-B3ED-D1B04277C6A7}.Debug|Any CPU.Build.0 = Debug|Any CPU
		{19E5EEB0-E054-4593-B3ED-D1B04277C6A7}.Release|Any CPU.ActiveCfg = Release|Any CPU
		{19E5EEB0-E054-4593-B3ED-D1B04277C6A7}.Release|Any CPU.Build.0 = Release|Any CPU
		{B4215D65-5CED-4842-A098-F67953B6F4BB}.Debug|Any CPU.ActiveCfg = Debug|Any CPU
		{B4215D65-5CED-4842-A098-F67953B6F4BB}.Debug|Any CPU.Build.0 = Debug|Any CPU
		{B4215D65-5CED-4842-A098-F67953B6F4BB}.Release|Any CPU.ActiveCfg = Release|Any CPU
		{B4215D65-5CED-4842-A098-F67953B6F4BB}.Release|Any CPU.Build.0 = Release|Any CPU
		{28E6169B-41E9-4815-B090-B6C7C748F734}.Debug|Any CPU.ActiveCfg = Debug|Any CPU
		{28E6169B-41E9-4815-B090-B6C7C748F734}.Debug|Any CPU.Build.0 = Debug|Any CPU
		{28E6169B-41E9-4815-B090-B6C7C748F734}.Release|Any CPU.ActiveCfg = Release|Any CPU
		{28E6169B-41E9-4815-B090-B6C7C748F734}.Release|Any CPU.Build.0 = Release|Any CPU
		{8B3D67DC-C503-49FB-8178-CC5495E700C0}.Debug|Any CPU.ActiveCfg = Debug|Any CPU
		{8B3D67DC-C503-49FB-8178-CC5495E700C0}.Debug|Any CPU.Build.0 = Debug|Any CPU
		{8B3D67DC-C503-49FB-8178-CC5495E700C0}.Release|Any CPU.ActiveCfg = Release|Any CPU
		{8B3D67DC-C503-49FB-8178-CC5495E700C0}.Release|Any CPU.Build.0 = Release|Any CPU
		{A2D8A0D3-CACC-4E31-9171-6D1E804F7DA3}.Debug|Any CPU.ActiveCfg = Debug|Any CPU
		{A2D8A0D3-CACC-4E31-9171-6D1E804F7DA3}.Debug|Any CPU.Build.0 = Debug|Any CPU
		{A2D8A0D3-CACC-4E31-9171-6D1E804F7DA3}.Release|Any CPU.ActiveCfg = Release|Any CPU
		{A2D8A0D3-CACC-4E31-9171-6D1E804F7DA3}.Release|Any CPU.Build.0 = Release|Any CPU
		{6C9D81A4-E798-46D6-9D99-BCE71F8D3FD9}.Debug|Any CPU.ActiveCfg = Debug|Any CPU
		{6C9D81A4-E798-46D6-9D99-BCE71F8D3FD9}.Debug|Any CPU.Build.0 = Debug|Any CPU
		{6C9D81A4-E798-46D6-9D99-BCE71F8D3FD9}.Release|Any CPU.ActiveCfg = Release|Any CPU
		{6C9D81A4-E798-46D6-9D99-BCE71F8D3FD9}.Release|Any CPU.Build.0 = Release|Any CPU
		{3C12B724-E4F1-41A9-B4F9-23A54AEF05CA}.Debug|Any CPU.ActiveCfg = Debug|Any CPU
		{3C12B724-E4F1-41A9-B4F9-23A54AEF05CA}.Debug|Any CPU.Build.0 = Debug|Any CPU
		{3C12B724-E4F1-41A9-B4F9-23A54AEF05CA}.Release|Any CPU.ActiveCfg = Release|Any CPU
		{3C12B724-E4F1-41A9-B4F9-23A54AEF05CA}.Release|Any CPU.Build.0 = Release|Any CPU
		{A3AB49C9-740A-4F4F-A693-A36ECE642F6E}.Debug|Any CPU.ActiveCfg = Debug|Any CPU
		{A3AB49C9-740A-4F4F-A693-A36ECE642F6E}.Debug|Any CPU.Build.0 = Debug|Any CPU
		{A3AB49C9-740A-4F4F-A693-A36ECE642F6E}.Release|Any CPU.ActiveCfg = Release|Any CPU
		{A3AB49C9-740A-4F4F-A693-A36ECE642F6E}.Release|Any CPU.Build.0 = Release|Any CPU
		{C1E71765-7A8A-4C86-BE6E-583A9E51371A}.Debug|Any CPU.ActiveCfg = Debug|Any CPU
		{C1E71765-7A8A-4C86-BE6E-583A9E51371A}.Debug|Any CPU.Build.0 = Debug|Any CPU
		{C1E71765-7A8A-4C86-BE6E-583A9E51371A}.Release|Any CPU.ActiveCfg = Release|Any CPU
		{C1E71765-7A8A-4C86-BE6E-583A9E51371A}.Release|Any CPU.Build.0 = Release|Any CPU
		{CBB273CD-4E3F-43A0-9C2D-FA79AAB480E3}.Debug|Any CPU.ActiveCfg = Debug|Any CPU
		{CBB273CD-4E3F-43A0-9C2D-FA79AAB480E3}.Debug|Any CPU.Build.0 = Debug|Any CPU
		{CBB273CD-4E3F-43A0-9C2D-FA79AAB480E3}.Release|Any CPU.ActiveCfg = Release|Any CPU
		{CBB273CD-4E3F-43A0-9C2D-FA79AAB480E3}.Release|Any CPU.Build.0 = Release|Any CPU
		{AD6A5E1E-ACB8-4B20-ADB4-FB04844FFDA5}.Debug|Any CPU.ActiveCfg = Debug|Any CPU
		{AD6A5E1E-ACB8-4B20-ADB4-FB04844FFDA5}.Debug|Any CPU.Build.0 = Debug|Any CPU
		{AD6A5E1E-ACB8-4B20-ADB4-FB04844FFDA5}.Release|Any CPU.ActiveCfg = Release|Any CPU
		{AD6A5E1E-ACB8-4B20-ADB4-FB04844FFDA5}.Release|Any CPU.Build.0 = Release|Any CPU
	EndGlobalSection
	GlobalSection(NestedProjects) = preSolution
		{19E5EEB0-E054-4593-B3ED-D1B04277C6A7} = {60A28D13-1AEB-4752-908A-D38A35D89A89}
		{9020F14E-9F61-4158-A97A-2FEAA80CF931} = {65D79425-25EC-4565-9049-773B2B0B36D7}
		{839B9D98-C628-4A3F-A98E-64B41D9FB181} = {65D79425-25EC-4565-9049-773B2B0B36D7}
		{B4215D65-5CED-4842-A098-F67953B6F4BB} = {839B9D98-C628-4A3F-A98E-64B41D9FB181}
		{28E6169B-41E9-4815-B090-B6C7C748F734} = {9020F14E-9F61-4158-A97A-2FEAA80CF931}
		{8B3D67DC-C503-49FB-8178-CC5495E700C0} = {839B9D98-C628-4A3F-A98E-64B41D9FB181}
		{A2D8A0D3-CACC-4E31-9171-6D1E804F7DA3} = {9020F14E-9F61-4158-A97A-2FEAA80CF931}
		{7D6340EE-4490-4CE7-A5D4-B7B83893A933} = {65D79425-25EC-4565-9049-773B2B0B36D7}
		{6C9D81A4-E798-46D6-9D99-BCE71F8D3FD9} = {7D6340EE-4490-4CE7-A5D4-B7B83893A933}
		{3C12B724-E4F1-41A9-B4F9-23A54AEF05CA} = {839B9D98-C628-4A3F-A98E-64B41D9FB181}
		{A3AB49C9-740A-4F4F-A693-A36ECE642F6E} = {839B9D98-C628-4A3F-A98E-64B41D9FB181}
		{C1E71765-7A8A-4C86-BE6E-583A9E51371A} = {839B9D98-C628-4A3F-A98E-64B41D9FB181}
		{CBB273CD-4E3F-43A0-9C2D-FA79AAB480E3} = {839B9D98-C628-4A3F-A98E-64B41D9FB181}
		{AD6A5E1E-ACB8-4B20-ADB4-FB04844FFDA5} = {7D6340EE-4490-4CE7-A5D4-B7B83893A933}
	EndGlobalSection
EndGlobal
