
Microsoft Visual Studio Solution File, Format Version 12.00
Project("{2150E333-8FDC-42A3-9474-1A3956D46DE8}") = "src", "src", "{65D79425-25EC-4565-9049-773B2B0B36D7}"
EndProject
Project("{2150E333-8FDC-42A3-9474-1A3956D46DE8}") = "test", "test", "{60A28D13-1AEB-4752-908A-D38A35D89A89}"
EndProject
Project("{2150E333-8FDC-42A3-9474-1A3956D46DE8}") = "aws", "aws", "{9020F14E-9F61-4158-A97A-2FEAA80CF931}"
EndProject
Project("{2150E333-8FDC-42A3-9474-1A3956D46DE8}") = "dotnet", "dotnet", "{839B9D98-C628-4A3F-A98E-64B41D9FB181}"
EndProject
Project("{FAE04EC0-301F-11D3-BF4B-00C04F79EFBC}") = "SimpleDynamoDbQuery", "src\aws\SimpleDynamoDbQuery\SimpleDynamoDbQuery.csproj", "{A2D8A0D3-CACC-4E31-9171-6D1E804F7DA3}"
EndProject
Project("{2150E333-8FDC-42A3-9474-1A3956D46DE8}") = "disasters", "disasters", "{1F8E48C4-DDA2-4404-8B83-3536D0DF8A69}"
EndProject
Project("{FAE04EC0-301F-11D3-BF4B-00C04F79EFBC}") = "Disasters.Api", "src\disasters\Disasters.Api\Disasters.Api.csproj", "{4D2CAD7D-B1FA-4D34-8EFD-80F0E28D77B4}"
EndProject
Project("{2150E333-8FDC-42A3-9474-1A3956D46DE8}") = "shared", "shared", "{D280125F-51D8-483D-A8A8-083B98759852}"
EndProject
Project("{FAE04EC0-301F-11D3-BF4B-00C04F79EFBC}") = "Equals", "src\dotnet\Equals\Equals.csproj", "{75402CC1-5C87-49A7-9E55-E71909415972}"
EndProject
Project("{FAE04EC0-301F-11D3-BF4B-00C04F79EFBC}") = "Operators", "src\dotnet\Operators\Operators.csproj", "{7B433BBC-678F-4B18-B8EA-28EE99F6152D}"
EndProject
Project("{FAE04EC0-301F-11D3-BF4B-00C04F79EFBC}") = "Tuples", "src\dotnet\Tuples\Tuples.csproj", "{B2B37C38-01C5-4624-96F3-342DCD4D03F5}"
EndProject
Project("{FAE04EC0-301F-11D3-BF4B-00C04F79EFBC}") = "Diagnostics", "src\dotnet\Diagnostics\Diagnostics.csproj", "{DFDAFBA2-5CA8-44C1-884F-55FFD0A95F49}"
EndProject
Project("{FAE04EC0-301F-11D3-BF4B-00C04F79EFBC}") = "Disasters.GraphQL", "src\disasters\Disasters.GraphQL\Disasters.GraphQL.csproj", "{24FE0090-126F-464F-B765-C62C9932801F}"
EndProject
Project("{FAE04EC0-301F-11D3-BF4B-00C04F79EFBC}") = "Collections", "src\dotnet\Collections\Collections.csproj", "{1AD4E55A-1B9E-436D-B6B8-AB88E49B62D8}"
EndProject
Project("{2150E333-8FDC-42A3-9474-1A3956D46DE8}") = "disasters", "disasters", "{1CD3BDAF-636A-417E-9F1F-CD5107A3A8A3}"
EndProject
Project("{FAE04EC0-301F-11D3-BF4B-00C04F79EFBC}") = "DisastersTemp", "test\disasters\DisastersTemp\DisastersTemp.csproj", "{544797B8-BCB5-4723-9519-50997A882874}"
EndProject
Project("{FAE04EC0-301F-11D3-BF4B-00C04F79EFBC}") = "Disasters.IntegrationTests", "test\disasters\Disasters.IntegrationTests\Disasters.IntegrationTests.csproj", "{60002E21-A57D-4F83-82FD-6349452E8853}"
EndProject
Project("{FAE04EC0-301F-11D3-BF4B-00C04F79EFBC}") = "SimpleDocumentDbQuery", "src\aws\SimpleDocumentDbQuery\SimpleDocumentDbQuery.csproj", "{358973B5-A61A-44E9-A6B9-DDAFB24F48C4}"
EndProject
Project("{FAE04EC0-301F-11D3-BF4B-00C04F79EFBC}") = "Disasters.Lambda", "src\disasters\Disasters.Lambda\Disasters.Lambda.csproj", "{77F1626C-1488-4FCF-8A9F-C3F9C5A82492}"
EndProject
Global
	GlobalSection(SolutionConfigurationPlatforms) = preSolution
		Debug|Any CPU = Debug|Any CPU
		Release|Any CPU = Release|Any CPU
	EndGlobalSection
	GlobalSection(ProjectConfigurationPlatforms) = postSolution
		{A2D8A0D3-CACC-4E31-9171-6D1E804F7DA3}.Debug|Any CPU.ActiveCfg = Debug|Any CPU
		{A2D8A0D3-CACC-4E31-9171-6D1E804F7DA3}.Debug|Any CPU.Build.0 = Debug|Any CPU
		{A2D8A0D3-CACC-4E31-9171-6D1E804F7DA3}.Release|Any CPU.ActiveCfg = Release|Any CPU
		{A2D8A0D3-CACC-4E31-9171-6D1E804F7DA3}.Release|Any CPU.Build.0 = Release|Any CPU
		{4D2CAD7D-B1FA-4D34-8EFD-80F0E28D77B4}.Debug|Any CPU.ActiveCfg = Debug|Any CPU
		{4D2CAD7D-B1FA-4D34-8EFD-80F0E28D77B4}.Debug|Any CPU.Build.0 = Debug|Any CPU
		{4D2CAD7D-B1FA-4D34-8EFD-80F0E28D77B4}.Release|Any CPU.ActiveCfg = Release|Any CPU
		{4D2CAD7D-B1FA-4D34-8EFD-80F0E28D77B4}.Release|Any CPU.Build.0 = Release|Any CPU
		{75402CC1-5C87-49A7-9E55-E71909415972}.Debug|Any CPU.ActiveCfg = Debug|Any CPU
		{75402CC1-5C87-49A7-9E55-E71909415972}.Debug|Any CPU.Build.0 = Debug|Any CPU
		{75402CC1-5C87-49A7-9E55-E71909415972}.Release|Any CPU.ActiveCfg = Release|Any CPU
		{75402CC1-5C87-49A7-9E55-E71909415972}.Release|Any CPU.Build.0 = Release|Any CPU
		{7B433BBC-678F-4B18-B8EA-28EE99F6152D}.Debug|Any CPU.ActiveCfg = Debug|Any CPU
		{7B433BBC-678F-4B18-B8EA-28EE99F6152D}.Debug|Any CPU.Build.0 = Debug|Any CPU
		{7B433BBC-678F-4B18-B8EA-28EE99F6152D}.Release|Any CPU.ActiveCfg = Release|Any CPU
		{7B433BBC-678F-4B18-B8EA-28EE99F6152D}.Release|Any CPU.Build.0 = Release|Any CPU
		{B2B37C38-01C5-4624-96F3-342DCD4D03F5}.Debug|Any CPU.ActiveCfg = Debug|Any CPU
		{B2B37C38-01C5-4624-96F3-342DCD4D03F5}.Debug|Any CPU.Build.0 = Debug|Any CPU
		{B2B37C38-01C5-4624-96F3-342DCD4D03F5}.Release|Any CPU.ActiveCfg = Release|Any CPU
		{B2B37C38-01C5-4624-96F3-342DCD4D03F5}.Release|Any CPU.Build.0 = Release|Any CPU
		{DFDAFBA2-5CA8-44C1-884F-55FFD0A95F49}.Debug|Any CPU.ActiveCfg = Debug|Any CPU
		{DFDAFBA2-5CA8-44C1-884F-55FFD0A95F49}.Debug|Any CPU.Build.0 = Debug|Any CPU
		{DFDAFBA2-5CA8-44C1-884F-55FFD0A95F49}.Release|Any CPU.ActiveCfg = Release|Any CPU
		{DFDAFBA2-5CA8-44C1-884F-55FFD0A95F49}.Release|Any CPU.Build.0 = Release|Any CPU
		{24FE0090-126F-464F-B765-C62C9932801F}.Debug|Any CPU.ActiveCfg = Debug|Any CPU
		{24FE0090-126F-464F-B765-C62C9932801F}.Debug|Any CPU.Build.0 = Debug|Any CPU
		{24FE0090-126F-464F-B765-C62C9932801F}.Release|Any CPU.ActiveCfg = Release|Any CPU
		{24FE0090-126F-464F-B765-C62C9932801F}.Release|Any CPU.Build.0 = Release|Any CPU
		{1AD4E55A-1B9E-436D-B6B8-AB88E49B62D8}.Debug|Any CPU.ActiveCfg = Debug|Any CPU
		{1AD4E55A-1B9E-436D-B6B8-AB88E49B62D8}.Debug|Any CPU.Build.0 = Debug|Any CPU
		{1AD4E55A-1B9E-436D-B6B8-AB88E49B62D8}.Release|Any CPU.ActiveCfg = Release|Any CPU
		{1AD4E55A-1B9E-436D-B6B8-AB88E49B62D8}.Release|Any CPU.Build.0 = Release|Any CPU
		{544797B8-BCB5-4723-9519-50997A882874}.Debug|Any CPU.ActiveCfg = Debug|Any CPU
		{544797B8-BCB5-4723-9519-50997A882874}.Debug|Any CPU.Build.0 = Debug|Any CPU
		{544797B8-BCB5-4723-9519-50997A882874}.Release|Any CPU.ActiveCfg = Release|Any CPU
		{544797B8-BCB5-4723-9519-50997A882874}.Release|Any CPU.Build.0 = Release|Any CPU
		{60002E21-A57D-4F83-82FD-6349452E8853}.Debug|Any CPU.ActiveCfg = Debug|Any CPU
		{60002E21-A57D-4F83-82FD-6349452E8853}.Debug|Any CPU.Build.0 = Debug|Any CPU
		{60002E21-A57D-4F83-82FD-6349452E8853}.Release|Any CPU.ActiveCfg = Release|Any CPU
		{60002E21-A57D-4F83-82FD-6349452E8853}.Release|Any CPU.Build.0 = Release|Any CPU
		{358973B5-A61A-44E9-A6B9-DDAFB24F48C4}.Debug|Any CPU.ActiveCfg = Debug|Any CPU
		{358973B5-A61A-44E9-A6B9-DDAFB24F48C4}.Debug|Any CPU.Build.0 = Debug|Any CPU
		{358973B5-A61A-44E9-A6B9-DDAFB24F48C4}.Release|Any CPU.ActiveCfg = Release|Any CPU
		{358973B5-A61A-44E9-A6B9-DDAFB24F48C4}.Release|Any CPU.Build.0 = Release|Any CPU
		{77F1626C-1488-4FCF-8A9F-C3F9C5A82492}.Debug|Any CPU.ActiveCfg = Debug|Any CPU
		{77F1626C-1488-4FCF-8A9F-C3F9C5A82492}.Debug|Any CPU.Build.0 = Debug|Any CPU
		{77F1626C-1488-4FCF-8A9F-C3F9C5A82492}.Release|Any CPU.ActiveCfg = Release|Any CPU
		{77F1626C-1488-4FCF-8A9F-C3F9C5A82492}.Release|Any CPU.Build.0 = Release|Any CPU
	EndGlobalSection
	GlobalSection(NestedProjects) = preSolution
		{9020F14E-9F61-4158-A97A-2FEAA80CF931} = {65D79425-25EC-4565-9049-773B2B0B36D7}
		{839B9D98-C628-4A3F-A98E-64B41D9FB181} = {65D79425-25EC-4565-9049-773B2B0B36D7}
		{A2D8A0D3-CACC-4E31-9171-6D1E804F7DA3} = {9020F14E-9F61-4158-A97A-2FEAA80CF931}
		{1F8E48C4-DDA2-4404-8B83-3536D0DF8A69} = {65D79425-25EC-4565-9049-773B2B0B36D7}
		{4D2CAD7D-B1FA-4D34-8EFD-80F0E28D77B4} = {1F8E48C4-DDA2-4404-8B83-3536D0DF8A69}
		{75402CC1-5C87-49A7-9E55-E71909415972} = {839B9D98-C628-4A3F-A98E-64B41D9FB181}
		{7B433BBC-678F-4B18-B8EA-28EE99F6152D} = {839B9D98-C628-4A3F-A98E-64B41D9FB181}
		{B2B37C38-01C5-4624-96F3-342DCD4D03F5} = {839B9D98-C628-4A3F-A98E-64B41D9FB181}
		{DFDAFBA2-5CA8-44C1-884F-55FFD0A95F49} = {839B9D98-C628-4A3F-A98E-64B41D9FB181}
		{24FE0090-126F-464F-B765-C62C9932801F} = {1F8E48C4-DDA2-4404-8B83-3536D0DF8A69}
		{1AD4E55A-1B9E-436D-B6B8-AB88E49B62D8} = {839B9D98-C628-4A3F-A98E-64B41D9FB181}
		{1CD3BDAF-636A-417E-9F1F-CD5107A3A8A3} = {60A28D13-1AEB-4752-908A-D38A35D89A89}
		{544797B8-BCB5-4723-9519-50997A882874} = {1CD3BDAF-636A-417E-9F1F-CD5107A3A8A3}
		{60002E21-A57D-4F83-82FD-6349452E8853} = {1CD3BDAF-636A-417E-9F1F-CD5107A3A8A3}
		{358973B5-A61A-44E9-A6B9-DDAFB24F48C4} = {9020F14E-9F61-4158-A97A-2FEAA80CF931}
		{77F1626C-1488-4FCF-8A9F-C3F9C5A82492} = {1F8E48C4-DDA2-4404-8B83-3536D0DF8A69}
	EndGlobalSection
EndGlobal
